
Microsoft Visual Studio Solution File, Format Version 12.00
# Visual Studio Version 17
VisualStudioVersion = 17.11.35303.130
MinimumVisualStudioVersion = 10.0.40219.1
Project("{FAE04EC0-301F-11D3-BF4B-00C04F79EFBC}") = "Project_Interview", "Project_Interview\Project_Interview.csproj", "{7BD5084E-5826-4BF3-BB28-D7E96CDDFB90}"
EndProject
Global
	GlobalSection(SolutionConfigurationPlatforms) = preSolution
		Debug|Any CPU = Debug|Any CPU
		Release|Any CPU = Release|Any CPU
	EndGlobalSection
	GlobalSection(ProjectConfigurationPlatforms) = postSolution
		{7BD5084E-5826-4BF3-BB28-D7E96CDDFB90}.Debug|Any CPU.ActiveCfg = Debug|Any CPU
		{7BD5084E-5826-4BF3-BB28-D7E96CDDFB90}.Debug|Any CPU.Build.0 = Debug|Any CPU
		{7BD5084E-5826-4BF3-BB28-D7E96CDDFB90}.Release|Any CPU.ActiveCfg = Release|Any CPU
		{7BD5084E-5826-4BF3-BB28-D7E96CDDFB90}.Release|Any CPU.Build.0 = Release|Any CPU
	EndGlobalSection
	GlobalSection(SolutionProperties) = preSolution
		HideSolutionNode = FALSE
	EndGlobalSection
	GlobalSection(ExtensibilityGlobals) = postSolution
		SolutionGuid = {51673727-267C-4CC1-AC77-D48A78606FC6}
	EndGlobalSection
EndGlobal
